
Microsoft Visual Studio Solution File, Format Version 12.00
# Visual Studio Version 17
VisualStudioVersion = 17.7.34003.232
MinimumVisualStudioVersion = 10.0.40219.1
Project("{FAE04EC0-301F-11D3-BF4B-00C04F79EFBC}") = "References", "References.csproj", "{82D9385B-7B66-4EC3-BE5C-73D5A5AB5B1B}"
EndProject
Global
	GlobalSection(SolutionConfigurationPlatforms) = preSolution
		Debug|Any CPU = Debug|Any CPU
		Release|Any CPU = Release|Any CPU
	EndGlobalSection
	GlobalSection(ProjectConfigurationPlatforms) = postSolution
		{82D9385B-7B66-4EC3-BE5C-73D5A5AB5B1B}.Debug|Any CPU.ActiveCfg = Debug|Any CPU
		{82D9385B-7B66-4EC3-BE5C-73D5A5AB5B1B}.Debug|Any CPU.Build.0 = Debug|Any CPU
		{82D9385B-7B66-4EC3-BE5C-73D5A5AB5B1B}.Release|Any CPU.ActiveCfg = Release|Any CPU
		{82D9385B-7B66-4EC3-BE5C-73D5A5AB5B1B}.Release|Any CPU.Build.0 = Release|Any CPU
	EndGlobalSection
	GlobalSection(SolutionProperties) = preSolution
		HideSolutionNode = FALSE
	EndGlobalSection
	GlobalSection(ExtensibilityGlobals) = postSolution
		SolutionGuid = {08553E88-A637-4147-A323-2A145E684E6B}
	EndGlobalSection
EndGlobal
